
Microsoft Visual Studio Solution File, Format Version 12.00
# Visual Studio Version 17
VisualStudioVersion = 17.10.34916.146
MinimumVisualStudioVersion = 10.0.40219.1
Project("{FAE04EC0-301F-11D3-BF4B-00C04F79EFBC}") = "eft-where-am-i", "eft-where-am-i.csproj", "{9008FEEC-CA6B-484D-A02E-24D8E7674BE1}"
EndProject
Global
	GlobalSection(SolutionConfigurationPlatforms) = preSolution
		Debug|Any CPU = Debug|Any CPU
		Release|Any CPU = Release|Any CPU
	EndGlobalSection
	GlobalSection(ProjectConfigurationPlatforms) = postSolution
		{9008FEEC-CA6B-484D-A02E-24D8E7674BE1}.Debug|Any CPU.ActiveCfg = Debug|Any CPU
		{9008FEEC-CA6B-484D-A02E-24D8E7674BE1}.Debug|Any CPU.Build.0 = Debug|Any CPU
		{9008FEEC-CA6B-484D-A02E-24D8E7674BE1}.Release|Any CPU.ActiveCfg = Release|Any CPU
		{9008FEEC-CA6B-484D-A02E-24D8E7674BE1}.Release|Any CPU.Build.0 = Release|Any CPU
	EndGlobalSection
	GlobalSection(SolutionProperties) = preSolution
		HideSolutionNode = FALSE
	EndGlobalSection
	GlobalSection(ExtensibilityGlobals) = postSolution
		SolutionGuid = {43D754E3-65D3-4213-BFF7-6FAED2482FB8}
	EndGlobalSection
EndGlobal
